// !$*UTF8*$!
{
	archiveVersion = 1;
	classes = {
	};
	objectVersion = 46;
	objects = {

/* Begin PBXBuildFile section */
		620097F4198C118B0058E83B /* DetailBriefItemViewController.swift in Sources */ = {isa = PBXBuildFile; fileRef = 620097F2198C118B0058E83B /* DetailBriefItemViewController.swift */; };
		620097F5198C118B0058E83B /* DetailBriefItemViewController.xib in Resources */ = {isa = PBXBuildFile; fileRef = 620097F3198C118B0058E83B /* DetailBriefItemViewController.xib */; };
		620097F9198C1ED00058E83B /* CharacterCountView.swift in Sources */ = {isa = PBXBuildFile; fileRef = 620097F8198C1ED00058E83B /* CharacterCountView.swift */; };
		620097FB198C1EE70058E83B /* CharacterCountView.xib in Resources */ = {isa = PBXBuildFile; fileRef = 620097FA198C1EE70058E83B /* CharacterCountView.xib */; };
		6210303219A30765002ABA05 /* BriefCloudManager.swift in Sources */ = {isa = PBXBuildFile; fileRef = 6210303119A30765002ABA05 /* BriefCloudManager.swift */; };
		6215FC41199D2C4200F5BD2B /* BriefRepository.swift in Sources */ = {isa = PBXBuildFile; fileRef = 6215FC40199D2C4200F5BD2B /* BriefRepository.swift */; };
		6215FC43199DC60000F5BD2B /* Status.swift in Sources */ = {isa = PBXBuildFile; fileRef = 6215FC42199DC60000F5BD2B /* Status.swift */; };
		621B08D719B572C400CA348D /* SubmitPopUpViewController.swift in Sources */ = {isa = PBXBuildFile; fileRef = 621B08D519B572C400CA348D /* SubmitPopUpViewController.swift */; };
		621B08D819B572C400CA348D /* SubmitPopUpViewController.xib in Resources */ = {isa = PBXBuildFile; fileRef = 621B08D619B572C400CA348D /* SubmitPopUpViewController.xib */; };
		621F37A919C6A08900F02499 /* VisibleUserTableViewCell.swift in Sources */ = {isa = PBXBuildFile; fileRef = 621F37A719C6A08900F02499 /* VisibleUserTableViewCell.swift */; };
		621F37AA19C6A08900F02499 /* VisibleUserTableViewCell.xib in Resources */ = {isa = PBXBuildFile; fileRef = 621F37A819C6A08900F02499 /* VisibleUserTableViewCell.xib */; };
		622582F419802B3D000E4F27 /* CompletedBriefTableViewCell.swift in Sources */ = {isa = PBXBuildFile; fileRef = 622582F219802B3D000E4F27 /* CompletedBriefTableViewCell.swift */; };
		622582F519802B3D000E4F27 /* CompletedBriefTableViewCell.xib in Resources */ = {isa = PBXBuildFile; fileRef = 622582F319802B3D000E4F27 /* CompletedBriefTableViewCell.xib */; };
		622DE57C19B936A000E3ADA1 /* TeamMemberCollectionViewCell.swift in Sources */ = {isa = PBXBuildFile; fileRef = 622DE57A19B936A000E3ADA1 /* TeamMemberCollectionViewCell.swift */; };
		622DE57D19B936A000E3ADA1 /* TeamMemberCollectionViewCell.xib in Resources */ = {isa = PBXBuildFile; fileRef = 622DE57B19B936A000E3ADA1 /* TeamMemberCollectionViewCell.xib */; };
		622DFEBD19B8F83200381586 /* BouncyViewControllerAnimator.swift in Sources */ = {isa = PBXBuildFile; fileRef = 622DFEBA19B8F83200381586 /* BouncyViewControllerAnimator.swift */; };
		622DFEBE19B8F83200381586 /* OverlayPresentationController.swift in Sources */ = {isa = PBXBuildFile; fileRef = 622DFEBB19B8F83200381586 /* OverlayPresentationController.swift */; };
		622DFEBF19B8F83200381586 /* OverlayTransitioningDelegate.swift in Sources */ = {isa = PBXBuildFile; fileRef = 622DFEBC19B8F83200381586 /* OverlayTransitioningDelegate.swift */; };
		623B21BA19744C4F00EC766F /* Progress.swift in Sources */ = {isa = PBXBuildFile; fileRef = 623B21B919744C4F00EC766F /* Progress.swift */; };
		623B21BC19744C5B00EC766F /* Plan.swift in Sources */ = {isa = PBXBuildFile; fileRef = 623B21BB19744C5B00EC766F /* Plan.swift */; };
		623B21BE19744C6600EC766F /* Problem.swift in Sources */ = {isa = PBXBuildFile; fileRef = 623B21BD19744C6600EC766F /* Problem.swift */; };
		623B21C019744DB400EC766F /* Team.swift in Sources */ = {isa = PBXBuildFile; fileRef = 623B21BF19744DB400EC766F /* Team.swift */; };
		623B21C219744DC200EC766F /* TeamMember.swift in Sources */ = {isa = PBXBuildFile; fileRef = 623B21C119744DC200EC766F /* TeamMember.swift */; };
		6241FB57196F137F0092B014 /* HomeViewController.xib in Resources */ = {isa = PBXBuildFile; fileRef = 6241FB56196F137F0092B014 /* HomeViewController.xib */; };
		6241FB59196F2C020092B014 /* ComposeViewController.xib in Resources */ = {isa = PBXBuildFile; fileRef = 6241FB58196F2C020092B014 /* ComposeViewController.xib */; };
		6241FB64196F5BB50092B014 /* AddPPPViewController.swift in Sources */ = {isa = PBXBuildFile; fileRef = 6241FB62196F5BB50092B014 /* AddPPPViewController.swift */; };
		6241FB65196F5BB50092B014 /* AddPPPViewController.xib in Resources */ = {isa = PBXBuildFile; fileRef = 6241FB63196F5BB50092B014 /* AddPPPViewController.xib */; };
		6247412E196CB5A10043C7E5 /* AppDelegate.swift in Sources */ = {isa = PBXBuildFile; fileRef = 6247412D196CB5A10043C7E5 /* AppDelegate.swift */; };
		62474130196CB5A10043C7E5 /* HomeViewController.swift in Sources */ = {isa = PBXBuildFile; fileRef = 6247412F196CB5A10043C7E5 /* HomeViewController.swift */; };
		62474132196CB5A10043C7E5 /* ComposeViewController.swift in Sources */ = {isa = PBXBuildFile; fileRef = 62474131196CB5A10043C7E5 /* ComposeViewController.swift */; };
		62474137196CB5A10043C7E5 /* Images.xcassets in Resources */ = {isa = PBXBuildFile; fileRef = 62474136196CB5A10043C7E5 /* Images.xcassets */; };
		62474143196CB5A10043C7E5 /* BriefTests.swift in Sources */ = {isa = PBXBuildFile; fileRef = 62474142196CB5A10043C7E5 /* BriefTests.swift */; };
		6247F76E1975B11B002FC8B4 /* PPPItem.swift in Sources */ = {isa = PBXBuildFile; fileRef = 6247F76D1975B11B002FC8B4 /* PPPItem.swift */; };
		6261D5FB197EE3EB007B8AA3 /* MasterBriefViewController.swift in Sources */ = {isa = PBXBuildFile; fileRef = 6261D5F9197EE3EB007B8AA3 /* MasterBriefViewController.swift */; };
		6261D5FC197EE3EB007B8AA3 /* MasterBriefViewController.xib in Resources */ = {isa = PBXBuildFile; fileRef = 6261D5FA197EE3EB007B8AA3 /* MasterBriefViewController.xib */; };
		626FCD1E1985A8ED00946973 /* Comment.swift in Sources */ = {isa = PBXBuildFile; fileRef = 626FCD1D1985A8ED00946973 /* Comment.swift */; };
		626FCD241986B44700946973 /* Share.swift in Sources */ = {isa = PBXBuildFile; fileRef = 626FCD231986B44700946973 /* Share.swift */; };
		62727F9E199946350063EA0C /* CompletedBriefCollectionViewCell.swift in Sources */ = {isa = PBXBuildFile; fileRef = 62727F9C199946350063EA0C /* CompletedBriefCollectionViewCell.swift */; };
		62727F9F199946350063EA0C /* CompletedBriefCollectionViewCell.xib in Resources */ = {isa = PBXBuildFile; fileRef = 62727F9D199946350063EA0C /* CompletedBriefCollectionViewCell.xib */; };
		6275111819BE67030058F706 /* UserViewController.swift in Sources */ = {isa = PBXBuildFile; fileRef = 6275111619BE67030058F706 /* UserViewController.swift */; };
		6275111919BE67030058F706 /* UserViewController.xib in Resources */ = {isa = PBXBuildFile; fileRef = 6275111719BE67030058F706 /* UserViewController.xib */; };
		6275B5AF19A8FF5C004D7D36 /* EnableAccount.swift in Sources */ = {isa = PBXBuildFile; fileRef = 6275B5AD19A8FF5C004D7D36 /* EnableAccount.swift */; };
		6275B5B019A8FF5C004D7D36 /* EnableAccount.xib in Resources */ = {isa = PBXBuildFile; fileRef = 6275B5AE19A8FF5C004D7D36 /* EnableAccount.xib */; };
		6279F9A019C2A22A00673D5A /* ChangePreferredNameViewController.swift in Sources */ = {isa = PBXBuildFile; fileRef = 6279F99E19C2A22A00673D5A /* ChangePreferredNameViewController.swift */; };
		6279F9A119C2A22A00673D5A /* ChangePreferredNameViewController.xib in Resources */ = {isa = PBXBuildFile; fileRef = 6279F99F19C2A22A00673D5A /* ChangePreferredNameViewController.xib */; };
		6279F9A419C3F51100673D5A /* VisibleTeamMembersViewController.swift in Sources */ = {isa = PBXBuildFile; fileRef = 6279F9A219C3F51100673D5A /* VisibleTeamMembersViewController.swift */; };
		6279F9A519C3F51100673D5A /* VisibleTeamMembersViewController.xib in Resources */ = {isa = PBXBuildFile; fileRef = 6279F9A319C3F51100673D5A /* VisibleTeamMembersViewController.xib */; };
		6295FAC619746D6500C338D3 /* Brief.swift in Sources */ = {isa = PBXBuildFile; fileRef = 6295FAC519746D6500C338D3 /* Brief.swift */; };
		629AA74819ADAFE60099FF0E /* CloudKit.framework in Frameworks */ = {isa = PBXBuildFile; fileRef = 629AA74719ADAFE60099FF0E /* CloudKit.framework */; };
		62ABD5F219AC0F5A003E13CD /* ProgressView.swift in Sources */ = {isa = PBXBuildFile; fileRef = 62ABD5F119AC0F5A003E13CD /* ProgressView.swift */; };
		62C0328B1981D260005AC29F /* compose-table-cell.graffle in Resources */ = {isa = PBXBuildFile; fileRef = 62C0328A1981D260005AC29F /* compose-table-cell.graffle */; };
		62C23D5D19BD50C30059ADD9 /* ShareViewController.swift in Sources */ = {isa = PBXBuildFile; fileRef = 62C23D5B19BD50C30059ADD9 /* ShareViewController.swift */; };
		62C23D5E19BD50C30059ADD9 /* ShareViewController.xib in Resources */ = {isa = PBXBuildFile; fileRef = 62C23D5C19BD50C30059ADD9 /* ShareViewController.xib */; };
		62C23D6219BD52A10059ADD9 /* SharePresentationController.swift in Sources */ = {isa = PBXBuildFile; fileRef = 62C23D5F19BD52A10059ADD9 /* SharePresentationController.swift */; };
		62C23D6319BD52A10059ADD9 /* ShareTransitioningDelegate.swift in Sources */ = {isa = PBXBuildFile; fileRef = 62C23D6019BD52A10059ADD9 /* ShareTransitioningDelegate.swift */; };
		62DDA5B119B7CA0400AB22CB /* PunchedLayout.swift in Sources */ = {isa = PBXBuildFile; fileRef = 62DDA5B019B7CA0400AB22CB /* PunchedLayout.swift */; };
		62E655911992A6A8001CE289 /* BriefItemCommentTableViewCell.swift in Sources */ = {isa = PBXBuildFile; fileRef = 62E6558F1992A6A8001CE289 /* BriefItemCommentTableViewCell.swift */; };
		62E655921992A6A8001CE289 /* BriefItemCommentTableViewCell.xib in Resources */ = {isa = PBXBuildFile; fileRef = 62E655901992A6A8001CE289 /* BriefItemCommentTableViewCell.xib */; };
		62E655941992EF19001CE289 /* CommentHeaderView.xib in Resources */ = {isa = PBXBuildFile; fileRef = 62E655931992EF19001CE289 /* CommentHeaderView.xib */; };
		62F5D90919B2A72F000D6A58 /* ComposeItemTableViewCell.swift in Sources */ = {isa = PBXBuildFile; fileRef = 62F5D90719B2A72F000D6A58 /* ComposeItemTableViewCell.swift */; };
		62F5D90A19B2A72F000D6A58 /* ComposeItemTableViewCell.xib in Resources */ = {isa = PBXBuildFile; fileRef = 62F5D90819B2A72F000D6A58 /* ComposeItemTableViewCell.xib */; };
		62F86F0A19B03CD2006FCFA6 /* SectionHeader.swift in Sources */ = {isa = PBXBuildFile; fileRef = 62F86F0819B03CD2006FCFA6 /* SectionHeader.swift */; };
		62F86F0B19B03CD2006FCFA6 /* SectionHeader.xib in Resources */ = {isa = PBXBuildFile; fileRef = 62F86F0919B03CD2006FCFA6 /* SectionHeader.xib */; };
		62FC24E01983060800372D14 /* TransparentEdgesScrollView.swift in Sources */ = {isa = PBXBuildFile; fileRef = 62FC24DE1983060800372D14 /* TransparentEdgesScrollView.swift */; };
		62FC24E11983060800372D14 /* TransparentEdgesTableView.swift in Sources */ = {isa = PBXBuildFile; fileRef = 62FC24DF1983060800372D14 /* TransparentEdgesTableView.swift */; };
		62FC24E519855A0600372D14 /* BriefArchiveDebugLoadUtility.swift in Sources */ = {isa = PBXBuildFile; fileRef = 62FC24E419855A0600372D14 /* BriefArchiveDebugLoadUtility.swift */; };
/* End PBXBuildFile section */

/* Begin PBXContainerItemProxy section */
		6247413D196CB5A10043C7E5 /* PBXContainerItemProxy */ = {
			isa = PBXContainerItemProxy;
			containerPortal = 62474120196CB5A10043C7E5 /* Project object */;
			proxyType = 1;
			remoteGlobalIDString = 62474127196CB5A10043C7E5;
			remoteInfo = Brief;
		};
/* End PBXContainerItemProxy section */

/* Begin PBXFileReference section */
		620097F2198C118B0058E83B /* DetailBriefItemViewController.swift */ = {isa = PBXFileReference; fileEncoding = 4; lastKnownFileType = sourcecode.swift; path = DetailBriefItemViewController.swift; sourceTree = "<group>"; };
		620097F3198C118B0058E83B /* DetailBriefItemViewController.xib */ = {isa = PBXFileReference; fileEncoding = 4; lastKnownFileType = file.xib; path = DetailBriefItemViewController.xib; sourceTree = "<group>"; };
		620097F8198C1ED00058E83B /* CharacterCountView.swift */ = {isa = PBXFileReference; fileEncoding = 4; lastKnownFileType = sourcecode.swift; path = CharacterCountView.swift; sourceTree = "<group>"; };
		620097FA198C1EE70058E83B /* CharacterCountView.xib */ = {isa = PBXFileReference; fileEncoding = 4; lastKnownFileType = file.xib; path = CharacterCountView.xib; sourceTree = "<group>"; };
		6210303119A30765002ABA05 /* BriefCloudManager.swift */ = {isa = PBXFileReference; fileEncoding = 4; lastKnownFileType = sourcecode.swift; path = BriefCloudManager.swift; sourceTree = "<group>"; };
		6215FC40199D2C4200F5BD2B /* BriefRepository.swift */ = {isa = PBXFileReference; fileEncoding = 4; lastKnownFileType = sourcecode.swift; path = BriefRepository.swift; sourceTree = "<group>"; };
		6215FC42199DC60000F5BD2B /* Status.swift */ = {isa = PBXFileReference; fileEncoding = 4; lastKnownFileType = sourcecode.swift; path = Status.swift; sourceTree = "<group>"; };
		621B08D519B572C400CA348D /* SubmitPopUpViewController.swift */ = {isa = PBXFileReference; fileEncoding = 4; lastKnownFileType = sourcecode.swift; path = SubmitPopUpViewController.swift; sourceTree = "<group>"; };
		621B08D619B572C400CA348D /* SubmitPopUpViewController.xib */ = {isa = PBXFileReference; fileEncoding = 4; lastKnownFileType = file.xib; path = SubmitPopUpViewController.xib; sourceTree = "<group>"; };
		621F37A719C6A08900F02499 /* VisibleUserTableViewCell.swift */ = {isa = PBXFileReference; fileEncoding = 4; lastKnownFileType = sourcecode.swift; path = VisibleUserTableViewCell.swift; sourceTree = "<group>"; };
		621F37A819C6A08900F02499 /* VisibleUserTableViewCell.xib */ = {isa = PBXFileReference; fileEncoding = 4; lastKnownFileType = file.xib; path = VisibleUserTableViewCell.xib; sourceTree = "<group>"; };
		622582F219802B3D000E4F27 /* CompletedBriefTableViewCell.swift */ = {isa = PBXFileReference; fileEncoding = 4; lastKnownFileType = sourcecode.swift; path = CompletedBriefTableViewCell.swift; sourceTree = "<group>"; };
		622582F319802B3D000E4F27 /* CompletedBriefTableViewCell.xib */ = {isa = PBXFileReference; fileEncoding = 4; lastKnownFileType = file.xib; path = CompletedBriefTableViewCell.xib; sourceTree = "<group>"; };
		622DE57A19B936A000E3ADA1 /* TeamMemberCollectionViewCell.swift */ = {isa = PBXFileReference; fileEncoding = 4; lastKnownFileType = sourcecode.swift; path = TeamMemberCollectionViewCell.swift; sourceTree = "<group>"; };
		622DE57B19B936A000E3ADA1 /* TeamMemberCollectionViewCell.xib */ = {isa = PBXFileReference; fileEncoding = 4; lastKnownFileType = file.xib; path = TeamMemberCollectionViewCell.xib; sourceTree = "<group>"; };
		622DFEBA19B8F83200381586 /* BouncyViewControllerAnimator.swift */ = {isa = PBXFileReference; fileEncoding = 4; lastKnownFileType = sourcecode.swift; path = BouncyViewControllerAnimator.swift; sourceTree = "<group>"; };
		622DFEBB19B8F83200381586 /* OverlayPresentationController.swift */ = {isa = PBXFileReference; fileEncoding = 4; lastKnownFileType = sourcecode.swift; path = OverlayPresentationController.swift; sourceTree = "<group>"; };
		622DFEBC19B8F83200381586 /* OverlayTransitioningDelegate.swift */ = {isa = PBXFileReference; fileEncoding = 4; lastKnownFileType = sourcecode.swift; path = OverlayTransitioningDelegate.swift; sourceTree = "<group>"; };
		623B21B919744C4F00EC766F /* Progress.swift */ = {isa = PBXFileReference; fileEncoding = 4; lastKnownFileType = sourcecode.swift; path = Progress.swift; sourceTree = "<group>"; };
		623B21BB19744C5B00EC766F /* Plan.swift */ = {isa = PBXFileReference; fileEncoding = 4; lastKnownFileType = sourcecode.swift; path = Plan.swift; sourceTree = "<group>"; };
		623B21BD19744C6600EC766F /* Problem.swift */ = {isa = PBXFileReference; fileEncoding = 4; lastKnownFileType = sourcecode.swift; path = Problem.swift; sourceTree = "<group>"; };
		623B21BF19744DB400EC766F /* Team.swift */ = {isa = PBXFileReference; fileEncoding = 4; lastKnownFileType = sourcecode.swift; path = Team.swift; sourceTree = "<group>"; };
		623B21C119744DC200EC766F /* TeamMember.swift */ = {isa = PBXFileReference; fileEncoding = 4; lastKnownFileType = sourcecode.swift; path = TeamMember.swift; sourceTree = "<group>"; };
		6241FB56196F137F0092B014 /* HomeViewController.xib */ = {isa = PBXFileReference; fileEncoding = 4; lastKnownFileType = file.xib; path = HomeViewController.xib; sourceTree = "<group>"; };
		6241FB58196F2C020092B014 /* ComposeViewController.xib */ = {isa = PBXFileReference; fileEncoding = 4; lastKnownFileType = file.xib; path = ComposeViewController.xib; sourceTree = "<group>"; };
		6241FB62196F5BB50092B014 /* AddPPPViewController.swift */ = {isa = PBXFileReference; fileEncoding = 4; lastKnownFileType = sourcecode.swift; path = AddPPPViewController.swift; sourceTree = "<group>"; };
		6241FB63196F5BB50092B014 /* AddPPPViewController.xib */ = {isa = PBXFileReference; fileEncoding = 4; lastKnownFileType = file.xib; path = AddPPPViewController.xib; sourceTree = "<group>"; };
		62474128196CB5A10043C7E5 /* Brief.app */ = {isa = PBXFileReference; explicitFileType = wrapper.application; includeInIndex = 0; path = Brief.app; sourceTree = BUILT_PRODUCTS_DIR; };
		6247412C196CB5A10043C7E5 /* Info.plist */ = {isa = PBXFileReference; lastKnownFileType = text.plist.xml; path = Info.plist; sourceTree = "<group>"; };
		6247412D196CB5A10043C7E5 /* AppDelegate.swift */ = {isa = PBXFileReference; lastKnownFileType = sourcecode.swift; path = AppDelegate.swift; sourceTree = "<group>"; };
		6247412F196CB5A10043C7E5 /* HomeViewController.swift */ = {isa = PBXFileReference; lastKnownFileType = sourcecode.swift; path = HomeViewController.swift; sourceTree = "<group>"; };
		62474131196CB5A10043C7E5 /* ComposeViewController.swift */ = {isa = PBXFileReference; lastKnownFileType = sourcecode.swift; path = ComposeViewController.swift; sourceTree = "<group>"; };
		62474136196CB5A10043C7E5 /* Images.xcassets */ = {isa = PBXFileReference; lastKnownFileType = folder.assetcatalog; path = Images.xcassets; sourceTree = "<group>"; };
		6247413C196CB5A10043C7E5 /* BriefTests.xctest */ = {isa = PBXFileReference; explicitFileType = wrapper.cfbundle; includeInIndex = 0; path = BriefTests.xctest; sourceTree = BUILT_PRODUCTS_DIR; };
		62474141196CB5A10043C7E5 /* Info.plist */ = {isa = PBXFileReference; lastKnownFileType = text.plist.xml; path = Info.plist; sourceTree = "<group>"; };
		62474142196CB5A10043C7E5 /* BriefTests.swift */ = {isa = PBXFileReference; lastKnownFileType = sourcecode.swift; path = BriefTests.swift; sourceTree = "<group>"; };
		6247F76D1975B11B002FC8B4 /* PPPItem.swift */ = {isa = PBXFileReference; fileEncoding = 4; lastKnownFileType = sourcecode.swift; path = PPPItem.swift; sourceTree = "<group>"; };
		6261D5F9197EE3EB007B8AA3 /* MasterBriefViewController.swift */ = {isa = PBXFileReference; fileEncoding = 4; lastKnownFileType = sourcecode.swift; path = MasterBriefViewController.swift; sourceTree = "<group>"; };
		6261D5FA197EE3EB007B8AA3 /* MasterBriefViewController.xib */ = {isa = PBXFileReference; fileEncoding = 4; lastKnownFileType = file.xib; path = MasterBriefViewController.xib; sourceTree = "<group>"; };
		626FCD1D1985A8ED00946973 /* Comment.swift */ = {isa = PBXFileReference; fileEncoding = 4; lastKnownFileType = sourcecode.swift; path = Comment.swift; sourceTree = "<group>"; };
		626FCD231986B44700946973 /* Share.swift */ = {isa = PBXFileReference; fileEncoding = 4; lastKnownFileType = sourcecode.swift; path = Share.swift; sourceTree = "<group>"; };
		62727F9C199946350063EA0C /* CompletedBriefCollectionViewCell.swift */ = {isa = PBXFileReference; fileEncoding = 4; lastKnownFileType = sourcecode.swift; path = CompletedBriefCollectionViewCell.swift; sourceTree = "<group>"; };
		62727F9D199946350063EA0C /* CompletedBriefCollectionViewCell.xib */ = {isa = PBXFileReference; fileEncoding = 4; lastKnownFileType = file.xib; path = CompletedBriefCollectionViewCell.xib; sourceTree = "<group>"; };
		6275111619BE67030058F706 /* UserViewController.swift */ = {isa = PBXFileReference; fileEncoding = 4; lastKnownFileType = sourcecode.swift; path = UserViewController.swift; sourceTree = "<group>"; };
		6275111719BE67030058F706 /* UserViewController.xib */ = {isa = PBXFileReference; fileEncoding = 4; lastKnownFileType = file.xib; path = UserViewController.xib; sourceTree = "<group>"; };
		6275B5AD19A8FF5C004D7D36 /* EnableAccount.swift */ = {isa = PBXFileReference; fileEncoding = 4; lastKnownFileType = sourcecode.swift; path = EnableAccount.swift; sourceTree = "<group>"; };
		6275B5AE19A8FF5C004D7D36 /* EnableAccount.xib */ = {isa = PBXFileReference; fileEncoding = 4; lastKnownFileType = file.xib; path = EnableAccount.xib; sourceTree = "<group>"; };
		6279F99E19C2A22A00673D5A /* ChangePreferredNameViewController.swift */ = {isa = PBXFileReference; fileEncoding = 4; lastKnownFileType = sourcecode.swift; path = ChangePreferredNameViewController.swift; sourceTree = "<group>"; };
		6279F99F19C2A22A00673D5A /* ChangePreferredNameViewController.xib */ = {isa = PBXFileReference; fileEncoding = 4; lastKnownFileType = file.xib; path = ChangePreferredNameViewController.xib; sourceTree = "<group>"; };
		6279F9A219C3F51100673D5A /* VisibleTeamMembersViewController.swift */ = {isa = PBXFileReference; fileEncoding = 4; lastKnownFileType = sourcecode.swift; path = VisibleTeamMembersViewController.swift; sourceTree = "<group>"; };
		6279F9A319C3F51100673D5A /* VisibleTeamMembersViewController.xib */ = {isa = PBXFileReference; fileEncoding = 4; lastKnownFileType = file.xib; path = VisibleTeamMembersViewController.xib; sourceTree = "<group>"; };
		6295FAC519746D6500C338D3 /* Brief.swift */ = {isa = PBXFileReference; fileEncoding = 4; lastKnownFileType = sourcecode.swift; path = Brief.swift; sourceTree = "<group>"; };
		629AA74719ADAFE60099FF0E /* CloudKit.framework */ = {isa = PBXFileReference; lastKnownFileType = wrapper.framework; name = CloudKit.framework; path = System/Library/Frameworks/CloudKit.framework; sourceTree = SDKROOT; };
		62ABD5F119AC0F5A003E13CD /* ProgressView.swift */ = {isa = PBXFileReference; fileEncoding = 4; lastKnownFileType = sourcecode.swift; path = ProgressView.swift; sourceTree = "<group>"; };
		62ABE282199EC25200CD6430 /* Brief.entitlements */ = {isa = PBXFileReference; lastKnownFileType = text.xml; path = Brief.entitlements; sourceTree = "<group>"; };
		62C0328A1981D260005AC29F /* compose-table-cell.graffle */ = {isa = PBXFileReference; lastKnownFileType = file; path = "compose-table-cell.graffle"; sourceTree = "<group>"; };
		62C23D5B19BD50C30059ADD9 /* ShareViewController.swift */ = {isa = PBXFileReference; fileEncoding = 4; lastKnownFileType = sourcecode.swift; path = ShareViewController.swift; sourceTree = "<group>"; };
		62C23D5C19BD50C30059ADD9 /* ShareViewController.xib */ = {isa = PBXFileReference; fileEncoding = 4; lastKnownFileType = file.xib; path = ShareViewController.xib; sourceTree = "<group>"; };
		62C23D5F19BD52A10059ADD9 /* SharePresentationController.swift */ = {isa = PBXFileReference; fileEncoding = 4; lastKnownFileType = sourcecode.swift; path = SharePresentationController.swift; sourceTree = "<group>"; };
		62C23D6019BD52A10059ADD9 /* ShareTransitioningDelegate.swift */ = {isa = PBXFileReference; fileEncoding = 4; lastKnownFileType = sourcecode.swift; path = ShareTransitioningDelegate.swift; sourceTree = "<group>"; };
		62DDA5B019B7CA0400AB22CB /* PunchedLayout.swift */ = {isa = PBXFileReference; fileEncoding = 4; lastKnownFileType = sourcecode.swift; path = PunchedLayout.swift; sourceTree = "<group>"; };
		62E6558F1992A6A8001CE289 /* BriefItemCommentTableViewCell.swift */ = {isa = PBXFileReference; fileEncoding = 4; lastKnownFileType = sourcecode.swift; path = BriefItemCommentTableViewCell.swift; sourceTree = "<group>"; };
		62E655901992A6A8001CE289 /* BriefItemCommentTableViewCell.xib */ = {isa = PBXFileReference; fileEncoding = 4; lastKnownFileType = file.xib; path = BriefItemCommentTableViewCell.xib; sourceTree = "<group>"; };
		62E655931992EF19001CE289 /* CommentHeaderView.xib */ = {isa = PBXFileReference; fileEncoding = 4; lastKnownFileType = file.xib; path = CommentHeaderView.xib; sourceTree = "<group>"; };
		62F5D90719B2A72F000D6A58 /* ComposeItemTableViewCell.swift */ = {isa = PBXFileReference; fileEncoding = 4; lastKnownFileType = sourcecode.swift; path = ComposeItemTableViewCell.swift; sourceTree = "<group>"; };
		62F5D90819B2A72F000D6A58 /* ComposeItemTableViewCell.xib */ = {isa = PBXFileReference; fileEncoding = 4; lastKnownFileType = file.xib; path = ComposeItemTableViewCell.xib; sourceTree = "<group>"; };
		62F86F0819B03CD2006FCFA6 /* SectionHeader.swift */ = {isa = PBXFileReference; fileEncoding = 4; lastKnownFileType = sourcecode.swift; path = SectionHeader.swift; sourceTree = "<group>"; };
		62F86F0919B03CD2006FCFA6 /* SectionHeader.xib */ = {isa = PBXFileReference; fileEncoding = 4; lastKnownFileType = file.xib; path = SectionHeader.xib; sourceTree = "<group>"; };
		62FC24DE1983060800372D14 /* TransparentEdgesScrollView.swift */ = {isa = PBXFileReference; fileEncoding = 4; lastKnownFileType = sourcecode.swift; path = TransparentEdgesScrollView.swift; sourceTree = "<group>"; };
		62FC24DF1983060800372D14 /* TransparentEdgesTableView.swift */ = {isa = PBXFileReference; fileEncoding = 4; lastKnownFileType = sourcecode.swift; path = TransparentEdgesTableView.swift; sourceTree = "<group>"; };
		62FC24E419855A0600372D14 /* BriefArchiveDebugLoadUtility.swift */ = {isa = PBXFileReference; fileEncoding = 4; lastKnownFileType = sourcecode.swift; path = BriefArchiveDebugLoadUtility.swift; sourceTree = "<group>"; };
/* End PBXFileReference section */

/* Begin PBXFrameworksBuildPhase section */
		62474125196CB5A10043C7E5 /* Frameworks */ = {
			isa = PBXFrameworksBuildPhase;
			buildActionMask = 2147483647;
			files = (
				629AA74819ADAFE60099FF0E /* CloudKit.framework in Frameworks */,
			);
			runOnlyForDeploymentPostprocessing = 0;
		};
		62474139196CB5A10043C7E5 /* Frameworks */ = {
			isa = PBXFrameworksBuildPhase;
			buildActionMask = 2147483647;
			files = (
			);
			runOnlyForDeploymentPostprocessing = 0;
		};
/* End PBXFrameworksBuildPhase section */

/* Begin PBXGroup section */
		6210303319A30773002ABA05 /* Services */ = {
			isa = PBXGroup;
			children = (
				6210303119A30765002ABA05 /* BriefCloudManager.swift */,
			);
			name = Services;
			sourceTree = "<group>";
		};
		622DE57519B92E3700E3ADA1 /* Compose */ = {
			isa = PBXGroup;
			children = (
				6241FB58196F2C020092B014 /* ComposeViewController.xib */,
				62474131196CB5A10043C7E5 /* ComposeViewController.swift */,
				620097FA198C1EE70058E83B /* CharacterCountView.xib */,
				620097F8198C1ED00058E83B /* CharacterCountView.swift */,
				62F5D90819B2A72F000D6A58 /* ComposeItemTableViewCell.xib */,
				62F5D90719B2A72F000D6A58 /* ComposeItemTableViewCell.swift */,
				6241FB63196F5BB50092B014 /* AddPPPViewController.xib */,
				6241FB62196F5BB50092B014 /* AddPPPViewController.swift */,
				62FC24DE1983060800372D14 /* TransparentEdgesScrollView.swift */,
				62FC24DF1983060800372D14 /* TransparentEdgesTableView.swift */,
			);
			name = Compose;
			sourceTree = "<group>";
		};
		622DE57619B92EE900E3ADA1 /* Master */ = {
			isa = PBXGroup;
			children = (
				62F86F0919B03CD2006FCFA6 /* SectionHeader.xib */,
				62F86F0819B03CD2006FCFA6 /* SectionHeader.swift */,
				62727F9D199946350063EA0C /* CompletedBriefCollectionViewCell.xib */,
				62727F9C199946350063EA0C /* CompletedBriefCollectionViewCell.swift */,
				622582F319802B3D000E4F27 /* CompletedBriefTableViewCell.xib */,
				622582F219802B3D000E4F27 /* CompletedBriefTableViewCell.swift */,
				6261D5FA197EE3EB007B8AA3 /* MasterBriefViewController.xib */,
				6261D5F9197EE3EB007B8AA3 /* MasterBriefViewController.swift */,
			);
			name = Master;
			sourceTree = "<group>";
		};
		622DE57719B92F6200E3ADA1 /* Comments */ = {
			isa = PBXGroup;
			children = (
				62E655931992EF19001CE289 /* CommentHeaderView.xib */,
				62E655901992A6A8001CE289 /* BriefItemCommentTableViewCell.xib */,
				62E6558F1992A6A8001CE289 /* BriefItemCommentTableViewCell.swift */,
			);
			name = Comments;
			sourceTree = "<group>";
		};
		622DE57819B92F9D00E3ADA1 /* Detail */ = {
			isa = PBXGroup;
			children = (
				620097F3198C118B0058E83B /* DetailBriefItemViewController.xib */,
				620097F2198C118B0058E83B /* DetailBriefItemViewController.swift */,
			);
			name = Detail;
			sourceTree = "<group>";
		};
		622DE57919B92FB500E3ADA1 /* Home */ = {
			isa = PBXGroup;
			children = (
				6241FB56196F137F0092B014 /* HomeViewController.xib */,
				6247412F196CB5A10043C7E5 /* HomeViewController.swift */,
			);
			name = Home;
			sourceTree = "<group>";
		};
		622DFEB819B8E0A700381586 /* Submit */ = {
			isa = PBXGroup;
			children = (
				622DE57A19B936A000E3ADA1 /* TeamMemberCollectionViewCell.swift */,
				622DE57B19B936A000E3ADA1 /* TeamMemberCollectionViewCell.xib */,
				621B08D619B572C400CA348D /* SubmitPopUpViewController.xib */,
				621B08D519B572C400CA348D /* SubmitPopUpViewController.swift */,
				62DDA5B019B7CA0400AB22CB /* PunchedLayout.swift */,
				622DFEB919B8F82000381586 /* Custom Presentation */,
			);
			name = Submit;
			sourceTree = "<group>";
		};
		622DFEB919B8F82000381586 /* Custom Presentation */ = {
			isa = PBXGroup;
			children = (
				622DFEBA19B8F83200381586 /* BouncyViewControllerAnimator.swift */,
				622DFEBB19B8F83200381586 /* OverlayPresentationController.swift */,
				622DFEBC19B8F83200381586 /* OverlayTransitioningDelegate.swift */,
			);
			name = "Custom Presentation";
			sourceTree = "<group>";
		};
		6247411F196CB5A10043C7E5 = {
			isa = PBXGroup;
			children = (
				629AA74719ADAFE60099FF0E /* CloudKit.framework */,
				6247412A196CB5A10043C7E5 /* Brief */,
				6247413F196CB5A10043C7E5 /* BriefTests */,
				62474129196CB5A10043C7E5 /* Products */,
			);
			sourceTree = "<group>";
		};
		62474129196CB5A10043C7E5 /* Products */ = {
			isa = PBXGroup;
			children = (
				62474128196CB5A10043C7E5 /* Brief.app */,
				6247413C196CB5A10043C7E5 /* BriefTests.xctest */,
			);
			name = Products;
			sourceTree = "<group>";
		};
		6247412A196CB5A10043C7E5 /* Brief */ = {
			isa = PBXGroup;
			children = (
				62ABE282199EC25200CD6430 /* Brief.entitlements */,
				624741A7196DB0930043C7E5 /* Application */,
				622DE57919B92FB500E3ADA1 /* Home */,
				6275111A19BE67090058F706 /* User */,
				622DE57519B92E3700E3ADA1 /* Compose */,
				622DE57619B92EE900E3ADA1 /* Master */,
				62C23D5A19BD504B0059ADD9 /* Action */,
				622DE57819B92F9D00E3ADA1 /* Detail */,
				622DE57719B92F6200E3ADA1 /* Comments */,
				622DFEB819B8E0A700381586 /* Submit */,
				62888FE6197A1E67002D0DD0 /* Common */,
				624741A8196DB0A30043C7E5 /* Model */,
				6210303319A30773002ABA05 /* Services */,
				62C23D2E19BC23E20059ADD9 /* Utilities */,
				62474136196CB5A10043C7E5 /* Images.xcassets */,
				6247412B196CB5A10043C7E5 /* Supporting Files */,
			);
			path = Brief;
			sourceTree = "<group>";
		};
		6247412B196CB5A10043C7E5 /* Supporting Files */ = {
			isa = PBXGroup;
			children = (
				62C0328A1981D260005AC29F /* compose-table-cell.graffle */,
				6247412C196CB5A10043C7E5 /* Info.plist */,
			);
			name = "Supporting Files";
			sourceTree = "<group>";
		};
		6247413F196CB5A10043C7E5 /* BriefTests */ = {
			isa = PBXGroup;
			children = (
				62474142196CB5A10043C7E5 /* BriefTests.swift */,
				62474140196CB5A10043C7E5 /* Supporting Files */,
			);
			path = BriefTests;
			sourceTree = "<group>";
		};
		62474140196CB5A10043C7E5 /* Supporting Files */ = {
			isa = PBXGroup;
			children = (
				62474141196CB5A10043C7E5 /* Info.plist */,
			);
			name = "Supporting Files";
			sourceTree = "<group>";
		};
		624741A7196DB0930043C7E5 /* Application */ = {
			isa = PBXGroup;
			children = (
				6247412D196CB5A10043C7E5 /* AppDelegate.swift */,
			);
			name = Application;
			sourceTree = "<group>";
		};
		624741A8196DB0A30043C7E5 /* Model */ = {
			isa = PBXGroup;
			children = (
				6295FAC319746D4E00C338D3 /* Brief */,
				6295FAC419746D5800C338D3 /* Team */,
			);
			name = Model;
			sourceTree = "<group>";
		};
		6275111A19BE67090058F706 /* User */ = {
			isa = PBXGroup;
			children = (
				6275111719BE67030058F706 /* UserViewController.xib */,
				6275111619BE67030058F706 /* UserViewController.swift */,
				6279F99F19C2A22A00673D5A /* ChangePreferredNameViewController.xib */,
				6279F99E19C2A22A00673D5A /* ChangePreferredNameViewController.swift */,
				6279F9A319C3F51100673D5A /* VisibleTeamMembersViewController.xib */,
				6279F9A219C3F51100673D5A /* VisibleTeamMembersViewController.swift */,
				621F37A819C6A08900F02499 /* VisibleUserTableViewCell.xib */,
				621F37A719C6A08900F02499 /* VisibleUserTableViewCell.swift */,
			);
			name = User;
			sourceTree = "<group>";
		};
		62888FE6197A1E67002D0DD0 /* Common */ = {
			isa = PBXGroup;
			children = (
				62ABD5F119AC0F5A003E13CD /* ProgressView.swift */,
				6275B5AE19A8FF5C004D7D36 /* EnableAccount.xib */,
				6275B5AD19A8FF5C004D7D36 /* EnableAccount.swift */,
			);
			name = Common;
			sourceTree = "<group>";
		};
		6295FAC319746D4E00C338D3 /* Brief */ = {
			isa = PBXGroup;
			children = (
				6295FAC519746D6500C338D3 /* Brief.swift */,
				6215FC42199DC60000F5BD2B /* Status.swift */,
				6247F76D1975B11B002FC8B4 /* PPPItem.swift */,
				623B21B919744C4F00EC766F /* Progress.swift */,
				623B21BB19744C5B00EC766F /* Plan.swift */,
				623B21BD19744C6600EC766F /* Problem.swift */,
				626FCD1D1985A8ED00946973 /* Comment.swift */,
				626FCD231986B44700946973 /* Share.swift */,
				6215FC40199D2C4200F5BD2B /* BriefRepository.swift */,
			);
			name = Brief;
			sourceTree = "<group>";
		};
		6295FAC419746D5800C338D3 /* Team */ = {
			isa = PBXGroup;
			children = (
				623B21BF19744DB400EC766F /* Team.swift */,
				623B21C119744DC200EC766F /* TeamMember.swift */,
			);
			name = Team;
			sourceTree = "<group>";
		};
		62C23D2E19BC23E20059ADD9 /* Utilities */ = {
			isa = PBXGroup;
			children = (
				62FC24E419855A0600372D14 /* BriefArchiveDebugLoadUtility.swift */,
			);
			name = Utilities;
			sourceTree = "<group>";
		};
		62C23D5A19BD504B0059ADD9 /* Action */ = {
			isa = PBXGroup;
			children = (
				62C23D5C19BD50C30059ADD9 /* ShareViewController.xib */,
				62C23D5B19BD50C30059ADD9 /* ShareViewController.swift */,
				62C23D5F19BD52A10059ADD9 /* SharePresentationController.swift */,
				62C23D6019BD52A10059ADD9 /* ShareTransitioningDelegate.swift */,
			);
			name = Action;
			path = ..;
			sourceTree = "<group>";
		};
/* End PBXGroup section */

/* Begin PBXNativeTarget section */
		62474127196CB5A10043C7E5 /* Brief */ = {
			isa = PBXNativeTarget;
			buildConfigurationList = 62474146196CB5A10043C7E5 /* Build configuration list for PBXNativeTarget "Brief" */;
			buildPhases = (
				62474124196CB5A10043C7E5 /* Sources */,
				62474125196CB5A10043C7E5 /* Frameworks */,
				62474126196CB5A10043C7E5 /* Resources */,
			);
			buildRules = (
			);
			dependencies = (
			);
			name = Brief;
			productName = Brief;
			productReference = 62474128196CB5A10043C7E5 /* Brief.app */;
			productType = "com.apple.product-type.application";
		};
		6247413B196CB5A10043C7E5 /* BriefTests */ = {
			isa = PBXNativeTarget;
			buildConfigurationList = 62474149196CB5A10043C7E5 /* Build configuration list for PBXNativeTarget "BriefTests" */;
			buildPhases = (
				62474138196CB5A10043C7E5 /* Sources */,
				62474139196CB5A10043C7E5 /* Frameworks */,
				6247413A196CB5A10043C7E5 /* Resources */,
			);
			buildRules = (
			);
			dependencies = (
				6247413E196CB5A10043C7E5 /* PBXTargetDependency */,
			);
			name = BriefTests;
			productName = BriefTests;
			productReference = 6247413C196CB5A10043C7E5 /* BriefTests.xctest */;
			productType = "com.apple.product-type.bundle.unit-test";
		};
/* End PBXNativeTarget section */

/* Begin PBXProject section */
		62474120196CB5A10043C7E5 /* Project object */ = {
			isa = PBXProject;
			attributes = {
				LastUpgradeCheck = 0600;
				ORGANIZATIONNAME = "Simple Enterprises";
				TargetAttributes = {
					62474127196CB5A10043C7E5 = {
						CreatedOnToolsVersion = 6.0;
						DevelopmentTeam = NRG444WHB2;
						SystemCapabilities = {
							com.apple.iCloud = {
								enabled = 1;
							};
						};
					};
					6247413B196CB5A10043C7E5 = {
						CreatedOnToolsVersion = 6.0;
						TestTargetID = 62474127196CB5A10043C7E5;
					};
				};
			};
			buildConfigurationList = 62474123196CB5A10043C7E5 /* Build configuration list for PBXProject "Brief" */;
			compatibilityVersion = "Xcode 3.2";
			developmentRegion = English;
			hasScannedForEncodings = 0;
			knownRegions = (
				en,
				Base,
			);
			mainGroup = 6247411F196CB5A10043C7E5;
			productRefGroup = 62474129196CB5A10043C7E5 /* Products */;
			projectDirPath = "";
			projectRoot = "";
			targets = (
				62474127196CB5A10043C7E5 /* Brief */,
				6247413B196CB5A10043C7E5 /* BriefTests */,
			);
		};
/* End PBXProject section */

/* Begin PBXResourcesBuildPhase section */
		62474126196CB5A10043C7E5 /* Resources */ = {
			isa = PBXResourcesBuildPhase;
			buildActionMask = 2147483647;
			files = (
				62C0328B1981D260005AC29F /* compose-table-cell.graffle in Resources */,
				622582F519802B3D000E4F27 /* CompletedBriefTableViewCell.xib in Resources */,
				622DE57D19B936A000E3ADA1 /* TeamMemberCollectionViewCell.xib in Resources */,
				62F86F0B19B03CD2006FCFA6 /* SectionHeader.xib in Resources */,
				620097FB198C1EE70058E83B /* CharacterCountView.xib in Resources */,
				6241FB57196F137F0092B014 /* HomeViewController.xib in Resources */,
				6275111919BE67030058F706 /* UserViewController.xib in Resources */,
				621F37AA19C6A08900F02499 /* VisibleUserTableViewCell.xib in Resources */,
				62F5D90A19B2A72F000D6A58 /* ComposeItemTableViewCell.xib in Resources */,
				6275B5B019A8FF5C004D7D36 /* EnableAccount.xib in Resources */,
				62727F9F199946350063EA0C /* CompletedBriefCollectionViewCell.xib in Resources */,
				62474137196CB5A10043C7E5 /* Images.xcassets in Resources */,
				620097F5198C118B0058E83B /* DetailBriefItemViewController.xib in Resources */,
				6241FB59196F2C020092B014 /* ComposeViewController.xib in Resources */,
				62E655941992EF19001CE289 /* CommentHeaderView.xib in Resources */,
				621B08D819B572C400CA348D /* SubmitPopUpViewController.xib in Resources */,
				6279F9A119C2A22A00673D5A /* ChangePreferredNameViewController.xib in Resources */,
				62C23D5E19BD50C30059ADD9 /* ShareViewController.xib in Resources */,
				6279F9A519C3F51100673D5A /* VisibleTeamMembersViewController.xib in Resources */,
				62E655921992A6A8001CE289 /* BriefItemCommentTableViewCell.xib in Resources */,
				6241FB65196F5BB50092B014 /* AddPPPViewController.xib in Resources */,
				6261D5FC197EE3EB007B8AA3 /* MasterBriefViewController.xib in Resources */,
			);
			runOnlyForDeploymentPostprocessing = 0;
		};
		6247413A196CB5A10043C7E5 /* Resources */ = {
			isa = PBXResourcesBuildPhase;
			buildActionMask = 2147483647;
			files = (
			);
			runOnlyForDeploymentPostprocessing = 0;
		};
/* End PBXResourcesBuildPhase section */

/* Begin PBXSourcesBuildPhase section */
		62474124196CB5A10043C7E5 /* Sources */ = {
			isa = PBXSourcesBuildPhase;
			buildActionMask = 2147483647;
			files = (
				623B21BE19744C6600EC766F /* Problem.swift in Sources */,
				62727F9E199946350063EA0C /* CompletedBriefCollectionViewCell.swift in Sources */,
				62FC24E11983060800372D14 /* TransparentEdgesTableView.swift in Sources */,
				621F37A919C6A08900F02499 /* VisibleUserTableViewCell.swift in Sources */,
				62474132196CB5A10043C7E5 /* ComposeViewController.swift in Sources */,
				620097F9198C1ED00058E83B /* CharacterCountView.swift in Sources */,
				62ABD5F219AC0F5A003E13CD /* ProgressView.swift in Sources */,
				62E655911992A6A8001CE289 /* BriefItemCommentTableViewCell.swift in Sources */,
				62C23D6319BD52A10059ADD9 /* ShareTransitioningDelegate.swift in Sources */,
				62FC24E01983060800372D14 /* TransparentEdgesScrollView.swift in Sources */,
				623B21C219744DC200EC766F /* TeamMember.swift in Sources */,
				6215FC43199DC60000F5BD2B /* Status.swift in Sources */,
				623B21BA19744C4F00EC766F /* Progress.swift in Sources */,
				62F86F0A19B03CD2006FCFA6 /* SectionHeader.swift in Sources */,
				6279F9A419C3F51100673D5A /* VisibleTeamMembersViewController.swift in Sources */,
				626FCD241986B44700946973 /* Share.swift in Sources */,
				6295FAC619746D6500C338D3 /* Brief.swift in Sources */,
				62C23D5D19BD50C30059ADD9 /* ShareViewController.swift in Sources */,
				620097F4198C118B0058E83B /* DetailBriefItemViewController.swift in Sources */,
				622DE57C19B936A000E3ADA1 /* TeamMemberCollectionViewCell.swift in Sources */,
				6247F76E1975B11B002FC8B4 /* PPPItem.swift in Sources */,
				6210303219A30765002ABA05 /* BriefCloudManager.swift in Sources */,
				621B08D719B572C400CA348D /* SubmitPopUpViewController.swift in Sources */,
				623B21BC19744C5B00EC766F /* Plan.swift in Sources */,
				62DDA5B119B7CA0400AB22CB /* PunchedLayout.swift in Sources */,
				623B21C019744DB400EC766F /* Team.swift in Sources */,
				622DFEBF19B8F83200381586 /* OverlayTransitioningDelegate.swift in Sources */,
				6275B5AF19A8FF5C004D7D36 /* EnableAccount.swift in Sources */,
				6247412E196CB5A10043C7E5 /* AppDelegate.swift in Sources */,
				6215FC41199D2C4200F5BD2B /* BriefRepository.swift in Sources */,
				6275111819BE67030058F706 /* UserViewController.swift in Sources */,
				62C23D6219BD52A10059ADD9 /* SharePresentationController.swift in Sources */,
				6261D5FB197EE3EB007B8AA3 /* MasterBriefViewController.swift in Sources */,
				626FCD1E1985A8ED00946973 /* Comment.swift in Sources */,
				62474130196CB5A10043C7E5 /* HomeViewController.swift in Sources */,
				6241FB64196F5BB50092B014 /* AddPPPViewController.swift in Sources */,
				622DFEBD19B8F83200381586 /* BouncyViewControllerAnimator.swift in Sources */,
				622DFEBE19B8F83200381586 /* OverlayPresentationController.swift in Sources */,
				622582F419802B3D000E4F27 /* CompletedBriefTableViewCell.swift in Sources */,
				62FC24E519855A0600372D14 /* BriefArchiveDebugLoadUtility.swift in Sources */,
				62F5D90919B2A72F000D6A58 /* ComposeItemTableViewCell.swift in Sources */,
				6279F9A019C2A22A00673D5A /* ChangePreferredNameViewController.swift in Sources */,
			);
			runOnlyForDeploymentPostprocessing = 0;
		};
		62474138196CB5A10043C7E5 /* Sources */ = {
			isa = PBXSourcesBuildPhase;
			buildActionMask = 2147483647;
			files = (
				62474143196CB5A10043C7E5 /* BriefTests.swift in Sources */,
			);
			runOnlyForDeploymentPostprocessing = 0;
		};
/* End PBXSourcesBuildPhase section */

/* Begin PBXTargetDependency section */
		6247413E196CB5A10043C7E5 /* PBXTargetDependency */ = {
			isa = PBXTargetDependency;
			target = 62474127196CB5A10043C7E5 /* Brief */;
			targetProxy = 6247413D196CB5A10043C7E5 /* PBXContainerItemProxy */;
		};
/* End PBXTargetDependency section */

/* Begin XCBuildConfiguration section */
		62474144196CB5A10043C7E5 /* Debug */ = {
			isa = XCBuildConfiguration;
			buildSettings = {
				ALWAYS_SEARCH_USER_PATHS = NO;
				CLANG_CXX_LANGUAGE_STANDARD = "gnu++0x";
				CLANG_CXX_LIBRARY = "libc++";
				CLANG_ENABLE_MODULES = YES;
				CLANG_ENABLE_OBJC_ARC = YES;
				CLANG_WARN_BOOL_CONVERSION = YES;
				CLANG_WARN_CONSTANT_CONVERSION = YES;
				CLANG_WARN_DIRECT_OBJC_ISA_USAGE = YES_ERROR;
				CLANG_WARN_EMPTY_BODY = YES;
				CLANG_WARN_ENUM_CONVERSION = YES;
				CLANG_WARN_INT_CONVERSION = YES;
				CLANG_WARN_OBJC_ROOT_CLASS = YES_ERROR;
				CLANG_WARN_UNREACHABLE_CODE = YES;
				CLANG_WARN__DUPLICATE_METHOD_MATCH = YES;
				"CODE_SIGN_IDENTITY[sdk=iphoneos*]" = "iPhone Developer";
				COPY_PHASE_STRIP = NO;
				ENABLE_STRICT_OBJC_MSGSEND = YES;
				GCC_C_LANGUAGE_STANDARD = gnu99;
				GCC_DYNAMIC_NO_PIC = NO;
				GCC_OPTIMIZATION_LEVEL = 0;
				GCC_PREPROCESSOR_DEFINITIONS = (
					"DEBUG=1",
					"$(inherited)",
				);
				GCC_SYMBOLS_PRIVATE_EXTERN = NO;
				GCC_WARN_64_TO_32_BIT_CONVERSION = YES;
				GCC_WARN_ABOUT_RETURN_TYPE = YES_ERROR;
				GCC_WARN_UNDECLARED_SELECTOR = YES;
				GCC_WARN_UNINITIALIZED_AUTOS = YES_AGGRESSIVE;
				GCC_WARN_UNUSED_FUNCTION = YES;
				GCC_WARN_UNUSED_VARIABLE = YES;
				IPHONEOS_DEPLOYMENT_TARGET = 8.0;
				MTL_ENABLE_DEBUG_INFO = YES;
				ONLY_ACTIVE_ARCH = YES;
				SDKROOT = iphoneos;
				SWIFT_OPTIMIZATION_LEVEL = "-Onone";
			};
			name = Debug;
		};
		62474145196CB5A10043C7E5 /* Release */ = {
			isa = XCBuildConfiguration;
			buildSettings = {
				ALWAYS_SEARCH_USER_PATHS = NO;
				CLANG_CXX_LANGUAGE_STANDARD = "gnu++0x";
				CLANG_CXX_LIBRARY = "libc++";
				CLANG_ENABLE_MODULES = YES;
				CLANG_ENABLE_OBJC_ARC = YES;
				CLANG_WARN_BOOL_CONVERSION = YES;
				CLANG_WARN_CONSTANT_CONVERSION = YES;
				CLANG_WARN_DIRECT_OBJC_ISA_USAGE = YES_ERROR;
				CLANG_WARN_EMPTY_BODY = YES;
				CLANG_WARN_ENUM_CONVERSION = YES;
				CLANG_WARN_INT_CONVERSION = YES;
				CLANG_WARN_OBJC_ROOT_CLASS = YES_ERROR;
				CLANG_WARN_UNREACHABLE_CODE = YES;
				CLANG_WARN__DUPLICATE_METHOD_MATCH = YES;
				"CODE_SIGN_IDENTITY[sdk=iphoneos*]" = "iPhone Developer";
				COPY_PHASE_STRIP = YES;
				ENABLE_NS_ASSERTIONS = NO;
				ENABLE_STRICT_OBJC_MSGSEND = YES;
				GCC_C_LANGUAGE_STANDARD = gnu99;
				GCC_WARN_64_TO_32_BIT_CONVERSION = YES;
				GCC_WARN_ABOUT_RETURN_TYPE = YES_ERROR;
				GCC_WARN_UNDECLARED_SELECTOR = YES;
				GCC_WARN_UNINITIALIZED_AUTOS = YES_AGGRESSIVE;
				GCC_WARN_UNUSED_FUNCTION = YES;
				GCC_WARN_UNUSED_VARIABLE = YES;
				IPHONEOS_DEPLOYMENT_TARGET = 8.0;
				MTL_ENABLE_DEBUG_INFO = NO;
				SDKROOT = iphoneos;
				VALIDATE_PRODUCT = YES;
			};
			name = Release;
		};
		62474147196CB5A10043C7E5 /* Debug */ = {
			isa = XCBuildConfiguration;
			buildSettings = {
				ASSETCATALOG_COMPILER_APPICON_NAME = AppIcon;
				ASSETCATALOG_COMPILER_LAUNCHIMAGE_NAME = LaunchImage;
				CODE_SIGN_ENTITLEMENTS = Brief/Brief.entitlements;
				CODE_SIGN_IDENTITY = "iPhone Developer";
				"CODE_SIGN_IDENTITY[sdk=iphoneos*]" = "iPhone Developer";
				INFOPLIST_FILE = Brief/Info.plist;
				IPHONEOS_DEPLOYMENT_TARGET = 8.0;
				LD_RUNPATH_SEARCH_PATHS = "$(inherited) @executable_path/Frameworks";
				PRODUCT_NAME = "$(TARGET_NAME)";
				PROVISIONING_PROFILE = "";
			};
			name = Debug;
		};
		62474148196CB5A10043C7E5 /* Release */ = {
			isa = XCBuildConfiguration;
			buildSettings = {
				ASSETCATALOG_COMPILER_APPICON_NAME = AppIcon;
				ASSETCATALOG_COMPILER_LAUNCHIMAGE_NAME = LaunchImage;
				CODE_SIGN_ENTITLEMENTS = Brief/Brief.entitlements;
				CODE_SIGN_IDENTITY = "iPhone Developer";
				"CODE_SIGN_IDENTITY[sdk=iphoneos*]" = "iPhone Developer";
				INFOPLIST_FILE = Brief/Info.plist;
				IPHONEOS_DEPLOYMENT_TARGET = 8.0;
				LD_RUNPATH_SEARCH_PATHS = "$(inherited) @executable_path/Frameworks";
				PRODUCT_NAME = "$(TARGET_NAME)";
				PROVISIONING_PROFILE = "";
			};
			name = Release;
		};
		6247414A196CB5A10043C7E5 /* Debug */ = {
			isa = XCBuildConfiguration;
			buildSettings = {
				BUNDLE_LOADER = "$(BUILT_PRODUCTS_DIR)/Brief.app/Brief";
				FRAMEWORK_SEARCH_PATHS = (
					"$(SDKROOT)/Developer/Library/Frameworks",
					"$(inherited)",
				);
				GCC_PREPROCESSOR_DEFINITIONS = (
					"DEBUG=1",
					"$(inherited)",
				);
				INFOPLIST_FILE = BriefTests/Info.plist;
				LD_RUNPATH_SEARCH_PATHS = "$(inherited) @executable_path/Frameworks @loader_path/Frameworks";
				PRODUCT_NAME = "$(TARGET_NAME)";
				TEST_HOST = "$(BUNDLE_LOADER)";
			};
			name = Debug;
		};
		6247414B196CB5A10043C7E5 /* Release */ = {
			isa = XCBuildConfiguration;
			buildSettings = {
				BUNDLE_LOADER = "$(BUILT_PRODUCTS_DIR)/Brief.app/Brief";
				FRAMEWORK_SEARCH_PATHS = (
					"$(SDKROOT)/Developer/Library/Frameworks",
					"$(inherited)",
				);
				INFOPLIST_FILE = BriefTests/Info.plist;
				LD_RUNPATH_SEARCH_PATHS = "$(inherited) @executable_path/Frameworks @loader_path/Frameworks";
				PRODUCT_NAME = "$(TARGET_NAME)";
				TEST_HOST = "$(BUNDLE_LOADER)";
			};
			name = Release;
		};
/* End XCBuildConfiguration section */

/* Begin XCConfigurationList section */
		62474123196CB5A10043C7E5 /* Build configuration list for PBXProject "Brief" */ = {
			isa = XCConfigurationList;
			buildConfigurations = (
				62474144196CB5A10043C7E5 /* Debug */,
				62474145196CB5A10043C7E5 /* Release */,
			);
			defaultConfigurationIsVisible = 0;
			defaultConfigurationName = Release;
		};
		62474146196CB5A10043C7E5 /* Build configuration list for PBXNativeTarget "Brief" */ = {
			isa = XCConfigurationList;
			buildConfigurations = (
				62474147196CB5A10043C7E5 /* Debug */,
				62474148196CB5A10043C7E5 /* Release */,
			);
			defaultConfigurationIsVisible = 0;
			defaultConfigurationName = Release;
		};
		62474149196CB5A10043C7E5 /* Build configuration list for PBXNativeTarget "BriefTests" */ = {
			isa = XCConfigurationList;
			buildConfigurations = (
				6247414A196CB5A10043C7E5 /* Debug */,
				6247414B196CB5A10043C7E5 /* Release */,
			);
			defaultConfigurationIsVisible = 0;
			defaultConfigurationName = Release;
		};
/* End XCConfigurationList section */
	};
	rootObject = 62474120196CB5A10043C7E5 /* Project object */;
}
